
Microsoft Visual Studio Solution File, Format Version 12.00
# Visual Studio 15
VisualStudioVersion = 15.0.27004.2005
MinimumVisualStudioVersion = 10.0.40219.1
Project("{9092AA53-FB77-4645-B42D-1CCCA6BD08BD}") = "cryptomonitor", "cryptomonitor.njsproj", "{CDC5138C-4735-4EF5-B530-1063DD590722}"
EndProject
Global
	GlobalSection(SolutionConfigurationPlatforms) = preSolution
		Debug|Any CPU = Debug|Any CPU
		Release|Any CPU = Release|Any CPU
	EndGlobalSection
	GlobalSection(ProjectConfigurationPlatforms) = postSolution
		{CDC5138C-4735-4EF5-B530-1063DD590722}.Debug|Any CPU.ActiveCfg = Debug|Any CPU
		{CDC5138C-4735-4EF5-B530-1063DD590722}.Debug|Any CPU.Build.0 = Debug|Any CPU
		{CDC5138C-4735-4EF5-B530-1063DD590722}.Release|Any CPU.ActiveCfg = Release|Any CPU
		{CDC5138C-4735-4EF5-B530-1063DD590722}.Release|Any CPU.Build.0 = Release|Any CPU
	EndGlobalSection
	GlobalSection(SolutionProperties) = preSolution
		HideSolutionNode = FALSE
	EndGlobalSection
	GlobalSection(ExtensibilityGlobals) = postSolution
		SolutionGuid = {5A051753-C1F2-4068-96C4-449EFE3B589C}
	EndGlobalSection
EndGlobal
